{
	"name": "@boggame/shared",
	"version": "1.0.0",
	"lockfileVersion": 3,
	"requires": true,
	"packages": {
		"": {
			"name": "@boggame/shared",
			"version": "1.0.0",
			"license": "ISC",
			"dependencies": {
				"@dimforge/rapier3d": "*",
				"@trixt0r/ecs": "^0.5.1",
				"three": "^0.157.0",
				"typescript": "^5.0.4"
			},
			"devDependencies": {
				"@types/three": "^0.157.2",
				"prettier": "^2.8.7"
			}
		},
		"node_modules/@dimforge/rapier3d": {
			"version": "0.11.2",
			"resolved": "https://registry.npmjs.org/@dimforge/rapier3d/-/rapier3d-0.11.2.tgz",
			"integrity": "sha512-B+AKkPmtJxED3goMTGU8v0ju8hUAUQGLgghzCos4G4OeN9X+mJ5lfN2xtNA0n8tJRJk2YfsMk9BOj/6AN89Acg=="
		},
		"node_modules/@trixt0r/ecs": {
			"version": "0.5.1",
			"resolved": "https://registry.npmjs.org/@trixt0r/ecs/-/ecs-0.5.1.tgz",
			"integrity": "sha512-e3f7PtPFiIUqrP56zTMvQwzZVszD+RvXW2iZ1ENm+ZmzKc2egriZgxpaYucuI+hYSU0EgJTcdSaHYg8luSMQkA=="
		},
		"node_modules/@types/stats.js": {
			"version": "0.17.2",
			"resolved": "https://registry.npmjs.org/@types/stats.js/-/stats.js-0.17.2.tgz",
			"integrity": "sha512-j1oI+BOPiAAAKFysNNutE9aAIjvHqqILubCs2EeHKc19pi4uybaGAgBfLXsCgJYcyKWkiilEvl8CkFF/SL+baA==",
			"dev": true
		},
		"node_modules/@types/three": {
			"version": "0.157.2",
			"resolved": "https://registry.npmjs.org/@types/three/-/three-0.157.2.tgz",
			"integrity": "sha512-2kykrMgvO5LTAiahadM6ijoER+GcbEJ61pQVOyGxIJTCASoUnzwJvfhilsLxvEw4+glzhLYUDvvTvNjx+58Vzw==",
			"dev": true,
			"dependencies": {
				"@types/stats.js": "*",
				"@types/webxr": "*",
				"fflate": "~0.6.10",
				"meshoptimizer": "~0.18.1"
			}
		},
		"node_modules/@types/webxr": {
			"version": "0.5.7",
			"resolved": "https://registry.npmjs.org/@types/webxr/-/webxr-0.5.7.tgz",
			"integrity": "sha512-Rcgs5c2eNFnHp53YOjgtKfl/zWX1Y+uFGUwlSXrWcZWu3yhANRezmph4MninmqybUYT6g9ZE0aQ9QIdPkLR3Kg==",
			"dev": true
		},
		"node_modules/fflate": {
			"version": "0.6.10",
			"resolved": "https://registry.npmjs.org/fflate/-/fflate-0.6.10.tgz",
			"integrity": "sha512-IQrh3lEPM93wVCEczc9SaAOvkmcoQn/G8Bo1e8ZPlY3X3bnAxWaBdvTdvM1hP62iZp0BXWDy4vTAy4fF0+Dlpg==",
			"dev": true
		},
		"node_modules/meshoptimizer": {
			"version": "0.18.1",
			"resolved": "https://registry.npmjs.org/meshoptimizer/-/meshoptimizer-0.18.1.tgz",
			"integrity": "sha512-ZhoIoL7TNV4s5B6+rx5mC//fw8/POGyNxS/DZyCJeiZ12ScLfVwRE/GfsxwiTkMYYD5DmK2/JXnEVXqL4rF+Sw==",
			"dev": true
		},
		"node_modules/prettier": {
			"version": "2.8.8",
			"resolved": "https://registry.npmjs.org/prettier/-/prettier-2.8.8.tgz",
			"integrity": "sha512-tdN8qQGvNjw4CHbY+XXk0JgCXn9QiF21a55rBe5LJAU+kDyC4WQn4+awm2Xfk2lQMk5fKup9XgzTZtGkjBdP9Q==",
			"dev": true,
			"bin": {
				"prettier": "bin-prettier.js"
			},
			"engines": {
				"node": ">=10.13.0"
			},
			"funding": {
				"url": "https://github.com/prettier/prettier?sponsor=1"
			}
		},
		"node_modules/three": {
			"version": "0.157.0",
			"resolved": "https://registry.npmjs.org/three/-/three-0.157.0.tgz",
			"integrity": "sha512-CeAwQrf4x3z0/e+MC4F+nXLW5t0gh3pw+L6CCBqpHvOq3bGYIgRYub7Pv0j/9wR+d++OiEglyZzWyuSYbwWGOA=="
		},
		"node_modules/typescript": {
			"version": "5.2.2",
			"resolved": "https://registry.npmjs.org/typescript/-/typescript-5.2.2.tgz",
			"integrity": "sha512-mI4WrpHsbCIcwT9cF4FZvr80QUeKvsUsUvKDoR+X/7XHQH98xYD8YHZg7ANtz2GtZt/CBq2QJ0thkGJMHfqc1w==",
			"bin": {
				"tsc": "bin/tsc",
				"tsserver": "bin/tsserver"
			},
			"engines": {
				"node": ">=14.17"
			}
		}
	}
}
